
Microsoft Visual Studio Solution File, Format Version 12.00
# Visual Studio Version 17
VisualStudioVersion = 17.5.2.0
MinimumVisualStudioVersion = 10.0.40219.1
Project("{2150E333-8FDC-42A3-9474-1A3956D46DE8}") = "src", "src", "{827E0CD3-B72D-47B6-A68D-7590B98EB39B}"
EndProject
Project("{FAE04EC0-301F-11D3-BF4B-00C04F79EFBC}") = "SimulatorLib", "src\SimulatorLib\SimulatorLib.csproj", "{7965EBB2-F1CD-A9A3-6BF9-D5F1E98E8154}"
EndProject
Project("{FAE04EC0-301F-11D3-BF4B-00C04F79EFBC}") = "SimulatorApp", "src\SimulatorApp\SimulatorApp.csproj", "{49819875-41D5-4BAF-9226-9AA53ED7BBFF}"
EndProject
Project("{FAE04EC0-301F-11D3-BF4B-00C04F79EFBC}") = "SimulatorRunner", "src\SimulatorRunner\SimulatorRunner.csproj", "{DCE7F13B-6B0F-47CA-B4B3-22894A59A875}"
EndProject
Project("{FAE04EC0-301F-11D3-BF4B-00C04F79EFBC}") = "TestReceiver", "src\TestReceiver\TestReceiver.csproj", "{ABAB4B59-E104-4CA5-A96F-7B87BC31E427}"
EndProject
Project("{FAE04EC0-301F-11D3-BF4B-00C04F79EFBC}") = "DevRunner", "src\DevTools\DevRunner.csproj", "{071BFE79-5D41-43A3-95CE-B33B93E6CAC0}"
EndProject
Global
	GlobalSection(SolutionConfigurationPlatforms) = preSolution
		Debug|Any CPU = Debug|Any CPU
		Debug|x64 = Debug|x64
		Debug|x86 = Debug|x86
		Release|Any CPU = Release|Any CPU
		Release|x64 = Release|x64
		Release|x86 = Release|x86
	EndGlobalSection
	GlobalSection(ProjectConfigurationPlatforms) = postSolution
		{7965EBB2-F1CD-A9A3-6BF9-D5F1E98E8154}.Debug|Any CPU.ActiveCfg = Debug|Any CPU
		{7965EBB2-F1CD-A9A3-6BF9-D5F1E98E8154}.Debug|Any CPU.Build.0 = Debug|Any CPU
		{7965EBB2-F1CD-A9A3-6BF9-D5F1E98E8154}.Debug|x64.ActiveCfg = Debug|Any CPU
		{7965EBB2-F1CD-A9A3-6BF9-D5F1E98E8154}.Debug|x64.Build.0 = Debug|Any CPU
		{7965EBB2-F1CD-A9A3-6BF9-D5F1E98E8154}.Debug|x86.ActiveCfg = Debug|Any CPU
		{7965EBB2-F1CD-A9A3-6BF9-D5F1E98E8154}.Debug|x86.Build.0 = Debug|Any CPU
		{7965EBB2-F1CD-A9A3-6BF9-D5F1E98E8154}.Release|Any CPU.ActiveCfg = Release|Any CPU
		{7965EBB2-F1CD-A9A3-6BF9-D5F1E98E8154}.Release|Any CPU.Build.0 = Release|Any CPU
		{7965EBB2-F1CD-A9A3-6BF9-D5F1E98E8154}.Release|x64.ActiveCfg = Release|Any CPU
		{7965EBB2-F1CD-A9A3-6BF9-D5F1E98E8154}.Release|x64.Build.0 = Release|Any CPU
		{7965EBB2-F1CD-A9A3-6BF9-D5F1E98E8154}.Release|x86.ActiveCfg = Release|Any CPU
		{7965EBB2-F1CD-A9A3-6BF9-D5F1E98E8154}.Release|x86.Build.0 = Release|Any CPU
		{49819875-41D5-4BAF-9226-9AA53ED7BBFF}.Debug|Any CPU.ActiveCfg = Debug|Any CPU
		{49819875-41D5-4BAF-9226-9AA53ED7BBFF}.Debug|Any CPU.Build.0 = Debug|Any CPU
		{49819875-41D5-4BAF-9226-9AA53ED7BBFF}.Debug|x64.ActiveCfg = Debug|Any CPU
		{49819875-41D5-4BAF-9226-9AA53ED7BBFF}.Debug|x64.Build.0 = Debug|Any CPU
		{49819875-41D5-4BAF-9226-9AA53ED7BBFF}.Debug|x86.ActiveCfg = Debug|Any CPU
		{49819875-41D5-4BAF-9226-9AA53ED7BBFF}.Debug|x86.Build.0 = Debug|Any CPU
		{49819875-41D5-4BAF-9226-9AA53ED7BBFF}.Release|Any CPU.ActiveCfg = Release|Any CPU
		{49819875-41D5-4BAF-9226-9AA53ED7BBFF}.Release|Any CPU.Build.0 = Release|Any CPU
		{49819875-41D5-4BAF-9226-9AA53ED7BBFF}.Release|x64.ActiveCfg = Release|Any CPU
		{49819875-41D5-4BAF-9226-9AA53ED7BBFF}.Release|x64.Build.0 = Release|Any CPU
		{49819875-41D5-4BAF-9226-9AA53ED7BBFF}.Release|x86.ActiveCfg = Release|Any CPU
		{49819875-41D5-4BAF-9226-9AA53ED7BBFF}.Release|x86.Build.0 = Release|Any CPU
		{DCE7F13B-6B0F-47CA-B4B3-22894A59A875}.Debug|Any CPU.ActiveCfg = Debug|Any CPU
		{DCE7F13B-6B0F-47CA-B4B3-22894A59A875}.Debug|Any CPU.Build.0 = Debug|Any CPU
		{DCE7F13B-6B0F-47CA-B4B3-22894A59A875}.Debug|x64.ActiveCfg = Debug|Any CPU
		{DCE7F13B-6B0F-47CA-B4B3-22894A59A875}.Debug|x64.Build.0 = Debug|Any CPU
		{DCE7F13B-6B0F-47CA-B4B3-22894A59A875}.Debug|x86.ActiveCfg = Debug|Any CPU
		{DCE7F13B-6B0F-47CA-B4B3-22894A59A875}.Debug|x86.Build.0 = Debug|Any CPU
		{DCE7F13B-6B0F-47CA-B4B3-22894A59A875}.Release|Any CPU.ActiveCfg = Release|Any CPU
		{DCE7F13B-6B0F-47CA-B4B3-22894A59A875}.Release|Any CPU.Build.0 = Release|Any CPU
		{DCE7F13B-6B0F-47CA-B4B3-22894A59A875}.Release|x64.ActiveCfg = Release|Any CPU
		{DCE7F13B-6B0F-47CA-B4B3-22894A59A875}.Release|x64.Build.0 = Release|Any CPU
		{DCE7F13B-6B0F-47CA-B4B3-22894A59A875}.Release|x86.ActiveCfg = Release|Any CPU
		{DCE7F13B-6B0F-47CA-B4B3-22894A59A875}.Release|x86.Build.0 = Release|Any CPU
		{ABAB4B59-E104-4CA5-A96F-7B87BC31E427}.Debug|Any CPU.ActiveCfg = Debug|Any CPU
		{ABAB4B59-E104-4CA5-A96F-7B87BC31E427}.Debug|Any CPU.Build.0 = Debug|Any CPU
		{ABAB4B59-E104-4CA5-A96F-7B87BC31E427}.Debug|x64.ActiveCfg = Debug|Any CPU
		{ABAB4B59-E104-4CA5-A96F-7B87BC31E427}.Debug|x64.Build.0 = Debug|Any CPU
		{ABAB4B59-E104-4CA5-A96F-7B87BC31E427}.Debug|x86.ActiveCfg = Debug|Any CPU
		{ABAB4B59-E104-4CA5-A96F-7B87BC31E427}.Debug|x86.Build.0 = Debug|Any CPU
		{ABAB4B59-E104-4CA5-A96F-7B87BC31E427}.Release|Any CPU.ActiveCfg = Release|Any CPU
		{ABAB4B59-E104-4CA5-A96F-7B87BC31E427}.Release|Any CPU.Build.0 = Release|Any CPU
		{ABAB4B59-E104-4CA5-A96F-7B87BC31E427}.Release|x64.ActiveCfg = Release|Any CPU
		{ABAB4B59-E104-4CA5-A96F-7B87BC31E427}.Release|x64.Build.0 = Release|Any CPU
		{ABAB4B59-E104-4CA5-A96F-7B87BC31E427}.Release|x86.ActiveCfg = Release|Any CPU
		{ABAB4B59-E104-4CA5-A96F-7B87BC31E427}.Release|x86.Build.0 = Release|Any CPU
		{071BFE79-5D41-43A3-95CE-B33B93E6CAC0}.Debug|Any CPU.ActiveCfg = Debug|Any CPU
		{071BFE79-5D41-43A3-95CE-B33B93E6CAC0}.Debug|Any CPU.Build.0 = Debug|Any CPU
		{071BFE79-5D41-43A3-95CE-B33B93E6CAC0}.Debug|x64.ActiveCfg = Debug|Any CPU
		{071BFE79-5D41-43A3-95CE-B33B93E6CAC0}.Debug|x64.Build.0 = Debug|Any CPU
		{071BFE79-5D41-43A3-95CE-B33B93E6CAC0}.Debug|x86.ActiveCfg = Debug|Any CPU
		{071BFE79-5D41-43A3-95CE-B33B93E6CAC0}.Debug|x86.Build.0 = Debug|Any CPU
		{071BFE79-5D41-43A3-95CE-B33B93E6CAC0}.Release|Any CPU.ActiveCfg = Release|Any CPU
		{071BFE79-5D41-43A3-95CE-B33B93E6CAC0}.Release|Any CPU.Build.0 = Release|Any CPU
		{071BFE79-5D41-43A3-95CE-B33B93E6CAC0}.Release|x64.ActiveCfg = Release|Any CPU
		{071BFE79-5D41-43A3-95CE-B33B93E6CAC0}.Release|x64.Build.0 = Release|Any CPU
		{071BFE79-5D41-43A3-95CE-B33B93E6CAC0}.Release|x86.ActiveCfg = Release|Any CPU
		{071BFE79-5D41-43A3-95CE-B33B93E6CAC0}.Release|x86.Build.0 = Release|Any CPU

	EndGlobalSection
	GlobalSection(SolutionProperties) = preSolution
		HideSolutionNode = FALSE
	EndGlobalSection
	GlobalSection(NestedProjects) = preSolution
		{7965EBB2-F1CD-A9A3-6BF9-D5F1E98E8154} = {827E0CD3-B72D-47B6-A68D-7590B98EB39B}
		{49819875-41D5-4BAF-9226-9AA53ED7BBFF} = {827E0CD3-B72D-47B6-A68D-7590B98EB39B}
		{DCE7F13B-6B0F-47CA-B4B3-22894A59A875} = {827E0CD3-B72D-47B6-A68D-7590B98EB39B}
		{ABAB4B59-E104-4CA5-A96F-7B87BC31E427} = {827E0CD3-B72D-47B6-A68D-7590B98EB39B}
		{071BFE79-5D41-43A3-95CE-B33B93E6CAC0} = {827E0CD3-B72D-47B6-A68D-7590B98EB39B}
	EndGlobalSection
	GlobalSection(ExtensibilityGlobals) = postSolution
		SolutionGuid = {D5F46962-989A-44AE-9A35-8DC8FCAB7EBA}
	EndGlobalSection
EndGlobal
